
Microsoft Visual Studio Solution File, Format Version 12.00
# Visual Studio Version 16
VisualStudioVersion = 16.0.30320.27
MinimumVisualStudioVersion = 10.0.40219.1
Project("{9A19103F-16F7-4668-BE54-9A1E7A4F7556}") = "WebUI", "WebUI\WebUI.csproj", "{444BC4EC-0911-4BF7-B2BD-1FD9825775F7}"
EndProject
Project("{2150E333-8FDC-42A3-9474-1A3956D46DE8}") = "Business", "Business", "{6AE077EC-6F56-4799-9D3E-7071A08D1521}"
EndProject
Project("{FAE04EC0-301F-11D3-BF4B-00C04F79EFBC}") = "ExpenseTracker.Business", "ExpenseTracker.Business\ExpenseTracker.Business.csproj", "{9C7015BD-0417-4AEF-8971-60DDD4966301}"
EndProject
Project("{FAE04EC0-301F-11D3-BF4B-00C04F79EFBC}") = "ExpenseTracker.Persistence", "ExpenseTracker.Persistence\ExpenseTracker.Persistence.csproj", "{27D41BBB-7BB4-4ADE-8DF2-8BFD455E6D41}"
EndProject
Project("{2150E333-8FDC-42A3-9474-1A3956D46DE8}") = "Common", "Common", "{D3557F23-02BF-4EAF-BB3D-9D038D917DD6}"
EndProject
Project("{FAE04EC0-301F-11D3-BF4B-00C04F79EFBC}") = "ExpenseTracker.Common", "ExpenseTracker.Common\ExpenseTracker.Common.csproj", "{8C0A190D-89FB-4337-96E4-2A3FEEA3F422}"
EndProject
Project("{FAE04EC0-301F-11D3-BF4B-00C04F79EFBC}") = "ExpenseTracker.Entities", "ExpenseTracker.Entities\ExpenseTracker.Entities.csproj", "{321D3525-F808-4003-A016-CABC68B9D6AF}"
EndProject
Project("{FAE04EC0-301F-11D3-BF4B-00C04F79EFBC}") = "ExpenseTracker.Interfaces", "ExpenseTracker.Interfaces\ExpenseTracker.Interfaces.csproj", "{F70034AC-FB49-45F1-9E23-EEDF03017407}"
EndProject
Project("{FAE04EC0-301F-11D3-BF4B-00C04F79EFBC}") = "ExpenseTracker.Language", "ExpenseTracker.Language\ExpenseTracker.Language.csproj", "{785F970B-3C40-4440-91FC-4D6BC00EE65B}"
EndProject
Project("{2150E333-8FDC-42A3-9474-1A3956D46DE8}") = "Presentation", "Presentation", "{A7135F72-F97B-4B70-A07A-37D003322079}"
EndProject
Project("{2150E333-8FDC-42A3-9474-1A3956D46DE8}") = "Tests", "Tests", "{4CFEFD81-5E46-43BC-A422-EBCAECCAE994}"
EndProject
Global
	GlobalSection(SolutionConfigurationPlatforms) = preSolution
		Debug|Any CPU = Debug|Any CPU
		Release|Any CPU = Release|Any CPU
	EndGlobalSection
	GlobalSection(ProjectConfigurationPlatforms) = postSolution
		{444BC4EC-0911-4BF7-B2BD-1FD9825775F7}.Debug|Any CPU.ActiveCfg = Debug|Any CPU
		{444BC4EC-0911-4BF7-B2BD-1FD9825775F7}.Debug|Any CPU.Build.0 = Debug|Any CPU
		{444BC4EC-0911-4BF7-B2BD-1FD9825775F7}.Release|Any CPU.ActiveCfg = Release|Any CPU
		{444BC4EC-0911-4BF7-B2BD-1FD9825775F7}.Release|Any CPU.Build.0 = Release|Any CPU
		{9C7015BD-0417-4AEF-8971-60DDD4966301}.Debug|Any CPU.ActiveCfg = Debug|Any CPU
		{9C7015BD-0417-4AEF-8971-60DDD4966301}.Debug|Any CPU.Build.0 = Debug|Any CPU
		{9C7015BD-0417-4AEF-8971-60DDD4966301}.Release|Any CPU.ActiveCfg = Release|Any CPU
		{9C7015BD-0417-4AEF-8971-60DDD4966301}.Release|Any CPU.Build.0 = Release|Any CPU
		{27D41BBB-7BB4-4ADE-8DF2-8BFD455E6D41}.Debug|Any CPU.ActiveCfg = Debug|Any CPU
		{27D41BBB-7BB4-4ADE-8DF2-8BFD455E6D41}.Debug|Any CPU.Build.0 = Debug|Any CPU
		{27D41BBB-7BB4-4ADE-8DF2-8BFD455E6D41}.Release|Any CPU.ActiveCfg = Release|Any CPU
		{27D41BBB-7BB4-4ADE-8DF2-8BFD455E6D41}.Release|Any CPU.Build.0 = Release|Any CPU
		{8C0A190D-89FB-4337-96E4-2A3FEEA3F422}.Debug|Any CPU.ActiveCfg = Debug|Any CPU
		{8C0A190D-89FB-4337-96E4-2A3FEEA3F422}.Debug|Any CPU.Build.0 = Debug|Any CPU
		{8C0A190D-89FB-4337-96E4-2A3FEEA3F422}.Release|Any CPU.ActiveCfg = Release|Any CPU
		{8C0A190D-89FB-4337-96E4-2A3FEEA3F422}.Release|Any CPU.Build.0 = Release|Any CPU
		{321D3525-F808-4003-A016-CABC68B9D6AF}.Debug|Any CPU.ActiveCfg = Debug|Any CPU
		{321D3525-F808-4003-A016-CABC68B9D6AF}.Debug|Any CPU.Build.0 = Debug|Any CPU
		{321D3525-F808-4003-A016-CABC68B9D6AF}.Release|Any CPU.ActiveCfg = Release|Any CPU
		{321D3525-F808-4003-A016-CABC68B9D6AF}.Release|Any CPU.Build.0 = Release|Any CPU
		{F70034AC-FB49-45F1-9E23-EEDF03017407}.Debug|Any CPU.ActiveCfg = Debug|Any CPU
		{F70034AC-FB49-45F1-9E23-EEDF03017407}.Debug|Any CPU.Build.0 = Debug|Any CPU
		{F70034AC-FB49-45F1-9E23-EEDF03017407}.Release|Any CPU.ActiveCfg = Release|Any CPU
		{F70034AC-FB49-45F1-9E23-EEDF03017407}.Release|Any CPU.Build.0 = Release|Any CPU
		{785F970B-3C40-4440-91FC-4D6BC00EE65B}.Debug|Any CPU.ActiveCfg = Debug|Any CPU
		{785F970B-3C40-4440-91FC-4D6BC00EE65B}.Debug|Any CPU.Build.0 = Debug|Any CPU
		{785F970B-3C40-4440-91FC-4D6BC00EE65B}.Release|Any CPU.ActiveCfg = Release|Any CPU
		{785F970B-3C40-4440-91FC-4D6BC00EE65B}.Release|Any CPU.Build.0 = Release|Any CPU
	EndGlobalSection
	GlobalSection(SolutionProperties) = preSolution
		HideSolutionNode = FALSE
	EndGlobalSection
	GlobalSection(NestedProjects) = preSolution
		{444BC4EC-0911-4BF7-B2BD-1FD9825775F7} = {A7135F72-F97B-4B70-A07A-37D003322079}
		{9C7015BD-0417-4AEF-8971-60DDD4966301} = {6AE077EC-6F56-4799-9D3E-7071A08D1521}
		{27D41BBB-7BB4-4ADE-8DF2-8BFD455E6D41} = {6AE077EC-6F56-4799-9D3E-7071A08D1521}
		{8C0A190D-89FB-4337-96E4-2A3FEEA3F422} = {D3557F23-02BF-4EAF-BB3D-9D038D917DD6}
		{321D3525-F808-4003-A016-CABC68B9D6AF} = {D3557F23-02BF-4EAF-BB3D-9D038D917DD6}
		{F70034AC-FB49-45F1-9E23-EEDF03017407} = {D3557F23-02BF-4EAF-BB3D-9D038D917DD6}
		{785F970B-3C40-4440-91FC-4D6BC00EE65B} = {D3557F23-02BF-4EAF-BB3D-9D038D917DD6}
	EndGlobalSection
	GlobalSection(ExtensibilityGlobals) = postSolution
		SolutionGuid = {D0D695B2-C348-4EC1-83E7-7376062464C0}
	EndGlobalSection
EndGlobal
